
Microsoft Visual Studio Solution File, Format Version 12.00
# Visual Studio Version 16
VisualStudioVersion = 16.0.29806.167
MinimumVisualStudioVersion = 10.0.40219.1
Project("{FAE04EC0-301F-11D3-BF4B-00C04F79EFBC}") = "IntArray", "IntArray\IntArray.csproj", "{C6BC6AED-E69A-4627-9872-D446FB41B675}"
EndProject
Project("{FAE04EC0-301F-11D3-BF4B-00C04F79EFBC}") = "IntArray.Tests", "IntArray.Tests\IntArray.Tests.csproj", "{7F46C556-8FD4-40DF-A4F7-A5589388D547}"
EndProject
Global
	GlobalSection(SolutionConfigurationPlatforms) = preSolution
		Debug|Any CPU = Debug|Any CPU
		Release|Any CPU = Release|Any CPU
	EndGlobalSection
	GlobalSection(ProjectConfigurationPlatforms) = postSolution
		{C6BC6AED-E69A-4627-9872-D446FB41B675}.Debug|Any CPU.ActiveCfg = Debug|Any CPU
		{C6BC6AED-E69A-4627-9872-D446FB41B675}.Debug|Any CPU.Build.0 = Debug|Any CPU
		{C6BC6AED-E69A-4627-9872-D446FB41B675}.Release|Any CPU.ActiveCfg = Release|Any CPU
		{C6BC6AED-E69A-4627-9872-D446FB41B675}.Release|Any CPU.Build.0 = Release|Any CPU
		{7F46C556-8FD4-40DF-A4F7-A5589388D547}.Debug|Any CPU.ActiveCfg = Debug|Any CPU
		{7F46C556-8FD4-40DF-A4F7-A5589388D547}.Debug|Any CPU.Build.0 = Debug|Any CPU
		{7F46C556-8FD4-40DF-A4F7-A5589388D547}.Release|Any CPU.ActiveCfg = Release|Any CPU
		{7F46C556-8FD4-40DF-A4F7-A5589388D547}.Release|Any CPU.Build.0 = Release|Any CPU
	EndGlobalSection
	GlobalSection(SolutionProperties) = preSolution
		HideSolutionNode = FALSE
	EndGlobalSection
	GlobalSection(ExtensibilityGlobals) = postSolution
		SolutionGuid = {8D7E6965-47F4-4FE5-87D4-6397955768C7}
	EndGlobalSection
EndGlobal
