
Microsoft Visual Studio Solution File, Format Version 12.00
# Visual Studio Version 16
VisualStudioVersion = 16.0.29728.190
MinimumVisualStudioVersion = 10.0.40219.1
Project("{FAE04EC0-301F-11D3-BF4B-00C04F79EFBC}") = "BikeRentalClasses", "BikeRentalClasses\BikeRentalClasses.csproj", "{4CAB3ADC-CF14-437B-88E8-9C55E9333C8B}"
EndProject
Project("{FAE04EC0-301F-11D3-BF4B-00C04F79EFBC}") = "BikeRentalClasses.Tests", "XUnitTestProject1\BikeRentalClasses.Tests.csproj", "{878893D2-0EB4-4CDC-B870-875848DCB3F8}"
EndProject
Global
	GlobalSection(SolutionConfigurationPlatforms) = preSolution
		Debug|Any CPU = Debug|Any CPU
		Release|Any CPU = Release|Any CPU
	EndGlobalSection
	GlobalSection(ProjectConfigurationPlatforms) = postSolution
		{4CAB3ADC-CF14-437B-88E8-9C55E9333C8B}.Debug|Any CPU.ActiveCfg = Debug|Any CPU
		{4CAB3ADC-CF14-437B-88E8-9C55E9333C8B}.Debug|Any CPU.Build.0 = Debug|Any CPU
		{4CAB3ADC-CF14-437B-88E8-9C55E9333C8B}.Release|Any CPU.ActiveCfg = Release|Any CPU
		{4CAB3ADC-CF14-437B-88E8-9C55E9333C8B}.Release|Any CPU.Build.0 = Release|Any CPU
		{878893D2-0EB4-4CDC-B870-875848DCB3F8}.Debug|Any CPU.ActiveCfg = Debug|Any CPU
		{878893D2-0EB4-4CDC-B870-875848DCB3F8}.Debug|Any CPU.Build.0 = Debug|Any CPU
		{878893D2-0EB4-4CDC-B870-875848DCB3F8}.Release|Any CPU.ActiveCfg = Release|Any CPU
		{878893D2-0EB4-4CDC-B870-875848DCB3F8}.Release|Any CPU.Build.0 = Release|Any CPU
	EndGlobalSection
	GlobalSection(SolutionProperties) = preSolution
		HideSolutionNode = FALSE
	EndGlobalSection
	GlobalSection(ExtensibilityGlobals) = postSolution
		SolutionGuid = {91D5A256-9CEE-4D63-8B39-6512250622F6}
	EndGlobalSection
EndGlobal
