
Microsoft Visual Studio Solution File, Format Version 12.00
# Visual Studio Version 16
VisualStudioVersion = 16.0.29728.190
MinimumVisualStudioVersion = 10.0.40219.1
Project("{FAE04EC0-301F-11D3-BF4B-00C04F79EFBC}") = "JsonNumberValidator", "JsonNumberValidator\JsonNumberValidator.csproj", "{C024C7AF-0E27-4C66-9A1D-00817F4DB2D0}"
EndProject
Project("{FAE04EC0-301F-11D3-BF4B-00C04F79EFBC}") = "JsonNumberValidator.Tests", "JsonNumberValidator.Tests\JsonNumberValidator.Tests.csproj", "{B24E1C65-7510-447A-B3FD-8003619B31D3}"
EndProject
Global
	GlobalSection(SolutionConfigurationPlatforms) = preSolution
		Debug|Any CPU = Debug|Any CPU
		Release|Any CPU = Release|Any CPU
	EndGlobalSection
	GlobalSection(ProjectConfigurationPlatforms) = postSolution
		{C024C7AF-0E27-4C66-9A1D-00817F4DB2D0}.Debug|Any CPU.ActiveCfg = Debug|Any CPU
		{C024C7AF-0E27-4C66-9A1D-00817F4DB2D0}.Debug|Any CPU.Build.0 = Debug|Any CPU
		{C024C7AF-0E27-4C66-9A1D-00817F4DB2D0}.Release|Any CPU.ActiveCfg = Release|Any CPU
		{C024C7AF-0E27-4C66-9A1D-00817F4DB2D0}.Release|Any CPU.Build.0 = Release|Any CPU
		{B24E1C65-7510-447A-B3FD-8003619B31D3}.Debug|Any CPU.ActiveCfg = Debug|Any CPU
		{B24E1C65-7510-447A-B3FD-8003619B31D3}.Debug|Any CPU.Build.0 = Debug|Any CPU
		{B24E1C65-7510-447A-B3FD-8003619B31D3}.Release|Any CPU.ActiveCfg = Release|Any CPU
		{B24E1C65-7510-447A-B3FD-8003619B31D3}.Release|Any CPU.Build.0 = Release|Any CPU
	EndGlobalSection
	GlobalSection(SolutionProperties) = preSolution
		HideSolutionNode = FALSE
	EndGlobalSection
	GlobalSection(ExtensibilityGlobals) = postSolution
		SolutionGuid = {7AE78202-4463-4D82-908B-AC3C1CD26032}
	EndGlobalSection
EndGlobal
